// !$*UTF8*$!
{
	archiveVersion = 1;
	classes = {
	};
	objectVersion = 46;
	objects = {

/* Begin PBXBuildFile section */
		818B462F1DF9E62B0039C2D2 /* AppDelegate.swift in Sources */ = {isa = PBXBuildFile; fileRef = 818B462E1DF9E62B0039C2D2 /* AppDelegate.swift */; };
		818B46341DF9E62B0039C2D2 /* Main.storyboard in Resources */ = {isa = PBXBuildFile; fileRef = 818B46321DF9E62B0039C2D2 /* Main.storyboard */; };
		818B46361DF9E62B0039C2D2 /* Assets.xcassets in Resources */ = {isa = PBXBuildFile; fileRef = 818B46351DF9E62B0039C2D2 /* Assets.xcassets */; };
		818B46391DF9E62B0039C2D2 /* LaunchScreen.storyboard in Resources */ = {isa = PBXBuildFile; fileRef = 818B46371DF9E62B0039C2D2 /* LaunchScreen.storyboard */; };
		818B46411DF9E6590039C2D2 /* APIManager.swift in Sources */ = {isa = PBXBuildFile; fileRef = 818B46401DF9E6590039C2D2 /* APIManager.swift */; };
		818B46431DF9E6960039C2D2 /* DetailViewController.swift in Sources */ = {isa = PBXBuildFile; fileRef = 818B46421DF9E6960039C2D2 /* DetailViewController.swift */; };
		818B46451DF9E6A70039C2D2 /* ElementsTableViewController.swift in Sources */ = {isa = PBXBuildFile; fileRef = 818B46441DF9E6A70039C2D2 /* ElementsTableViewController.swift */; };
		818B46471DF9E6AF0039C2D2 /* Element.swift in Sources */ = {isa = PBXBuildFile; fileRef = 818B46461DF9E6AF0039C2D2 /* Element.swift */; };
/* End PBXBuildFile section */

/* Begin PBXFileReference section */
		818B462B1DF9E62B0039C2D2 /* AC3.2-MidtermElements.app */ = {isa = PBXFileReference; explicitFileType = wrapper.application; includeInIndex = 0; path = "AC3.2-MidtermElements.app"; sourceTree = BUILT_PRODUCTS_DIR; };
		818B462E1DF9E62B0039C2D2 /* AppDelegate.swift */ = {isa = PBXFileReference; lastKnownFileType = sourcecode.swift; path = AppDelegate.swift; sourceTree = "<group>"; };
		818B46331DF9E62B0039C2D2 /* Base */ = {isa = PBXFileReference; lastKnownFileType = file.storyboard; name = Base; path = Base.lproj/Main.storyboard; sourceTree = "<group>"; };
		818B46351DF9E62B0039C2D2 /* Assets.xcassets */ = {isa = PBXFileReference; lastKnownFileType = folder.assetcatalog; path = Assets.xcassets; sourceTree = "<group>"; };
		818B46381DF9E62B0039C2D2 /* Base */ = {isa = PBXFileReference; lastKnownFileType = file.storyboard; name = Base; path = Base.lproj/LaunchScreen.storyboard; sourceTree = "<group>"; };
		818B463A1DF9E62B0039C2D2 /* Info.plist */ = {isa = PBXFileReference; lastKnownFileType = text.plist.xml; path = Info.plist; sourceTree = "<group>"; };
		818B46401DF9E6590039C2D2 /* APIManager.swift */ = {isa = PBXFileReference; fileEncoding = 4; lastKnownFileType = sourcecode.swift; path = APIManager.swift; sourceTree = "<group>"; };
		818B46421DF9E6960039C2D2 /* DetailViewController.swift */ = {isa = PBXFileReference; fileEncoding = 4; lastKnownFileType = sourcecode.swift; path = DetailViewController.swift; sourceTree = "<group>"; };
		818B46441DF9E6A70039C2D2 /* ElementsTableViewController.swift */ = {isa = PBXFileReference; fileEncoding = 4; lastKnownFileType = sourcecode.swift; path = ElementsTableViewController.swift; sourceTree = "<group>"; };
		818B46461DF9E6AF0039C2D2 /* Element.swift */ = {isa = PBXFileReference; fileEncoding = 4; lastKnownFileType = sourcecode.swift; path = Element.swift; sourceTree = "<group>"; };
/* End PBXFileReference section */

/* Begin PBXFrameworksBuildPhase section */
		818B46281DF9E62B0039C2D2 /* Frameworks */ = {
			isa = PBXFrameworksBuildPhase;
			buildActionMask = 2147483647;
			files = (
			);
			runOnlyForDeploymentPostprocessing = 0;
		};
/* End PBXFrameworksBuildPhase section */

/* Begin PBXGroup section */
		818B46221DF9E62B0039C2D2 = {
			isa = PBXGroup;
			children = (
				818B462D1DF9E62B0039C2D2 /* AC3.2-MidtermElements */,
				818B462C1DF9E62B0039C2D2 /* Products */,
			);
			sourceTree = "<group>";
		};
		818B462C1DF9E62B0039C2D2 /* Products */ = {
			isa = PBXGroup;
			children = (
				818B462B1DF9E62B0039C2D2 /* AC3.2-MidtermElements.app */,
			);
			name = Products;
			sourceTree = "<group>";
		};
		818B462D1DF9E62B0039C2D2 /* AC3.2-MidtermElements */ = {
			isa = PBXGroup;
			children = (
				818B46401DF9E6590039C2D2 /* APIManager.swift */,
				818B462E1DF9E62B0039C2D2 /* AppDelegate.swift */,
				818B46421DF9E6960039C2D2 /* DetailViewController.swift */,
				818B46441DF9E6A70039C2D2 /* ElementsTableViewController.swift */,
				818B46461DF9E6AF0039C2D2 /* Element.swift */,
				818B46321DF9E62B0039C2D2 /* Main.storyboard */,
				818B46351DF9E62B0039C2D2 /* Assets.xcassets */,
				818B46371DF9E62B0039C2D2 /* LaunchScreen.storyboard */,
				818B463A1DF9E62B0039C2D2 /* Info.plist */,
			);
			path = "AC3.2-MidtermElements";
			sourceTree = "<group>";
		};
/* End PBXGroup section */

/* Begin PBXNativeTarget section */
		818B462A1DF9E62B0039C2D2 /* AC3.2-MidtermElements */ = {
			isa = PBXNativeTarget;
			buildConfigurationList = 818B463D1DF9E62B0039C2D2 /* Build configuration list for PBXNativeTarget "AC3.2-MidtermElements" */;
			buildPhases = (
				818B46271DF9E62B0039C2D2 /* Sources */,
				818B46281DF9E62B0039C2D2 /* Frameworks */,
				818B46291DF9E62B0039C2D2 /* Resources */,
			);
			buildRules = (
			);
			dependencies = (
			);
			name = "AC3.2-MidtermElements";
			productName = "AC3.2-MidtermElements";
			productReference = 818B462B1DF9E62B0039C2D2 /* AC3.2-MidtermElements.app */;
			productType = "com.apple.product-type.application";
		};
/* End PBXNativeTarget section */

/* Begin PBXProject section */
		818B46231DF9E62B0039C2D2 /* Project object */ = {
			isa = PBXProject;
			attributes = {
				LastSwiftUpdateCheck = 0810;
				LastUpgradeCheck = 0810;
				ORGANIZATIONNAME = C4Q;
				TargetAttributes = {
					818B462A1DF9E62B0039C2D2 = {
						CreatedOnToolsVersion = 8.1;
						ProvisioningStyle = Automatic;
					};
				};
			};
			buildConfigurationList = 818B46261DF9E62B0039C2D2 /* Build configuration list for PBXProject "AC3.2-MidtermElements" */;
			compatibilityVersion = "Xcode 3.2";
			developmentRegion = English;
			hasScannedForEncodings = 0;
			knownRegions = (
				en,
				Base,
			);
			mainGroup = 818B46221DF9E62B0039C2D2;
			productRefGroup = 818B462C1DF9E62B0039C2D2 /* Products */;
			projectDirPath = "";
			projectRoot = "";
			targets = (
				818B462A1DF9E62B0039C2D2 /* AC3.2-MidtermElements */,
			);
		};
/* End PBXProject section */

/* Begin PBXResourcesBuildPhase section */
		818B46291DF9E62B0039C2D2 /* Resources */ = {
			isa = PBXResourcesBuildPhase;
			buildActionMask = 2147483647;
			files = (
				818B46391DF9E62B0039C2D2 /* LaunchScreen.storyboard in Resources */,
				818B46361DF9E62B0039C2D2 /* Assets.xcassets in Resources */,
				818B46341DF9E62B0039C2D2 /* Main.storyboard in Resources */,
			);
			runOnlyForDeploymentPostprocessing = 0;
		};
/* End PBXResourcesBuildPhase section */

/* Begin PBXSourcesBuildPhase section */
		818B46271DF9E62B0039C2D2 /* Sources */ = {
			isa = PBXSourcesBuildPhase;
			buildActionMask = 2147483647;
			files = (
				818B46451DF9E6A70039C2D2 /* ElementsTableViewController.swift in Sources */,
				818B46431DF9E6960039C2D2 /* DetailViewController.swift in Sources */,
				818B46411DF9E6590039C2D2 /* APIManager.swift in Sources */,
				818B462F1DF9E62B0039C2D2 /* AppDelegate.swift in Sources */,
				818B46471DF9E6AF0039C2D2 /* Element.swift in Sources */,
			);
			runOnlyForDeploymentPostprocessing = 0;
		};
/* End PBXSourcesBuildPhase section */

/* Begin PBXVariantGroup section */
		818B46321DF9E62B0039C2D2 /* Main.storyboard */ = {
			isa = PBXVariantGroup;
			children = (
				818B46331DF9E62B0039C2D2 /* Base */,
			);
			name = Main.storyboard;
			sourceTree = "<group>";
		};
		818B46371DF9E62B0039C2D2 /* LaunchScreen.storyboard */ = {
			isa = PBXVariantGroup;
			children = (
				818B46381DF9E62B0039C2D2 /* Base */,
			);
			name = LaunchScreen.storyboard;
			sourceTree = "<group>";
		};
/* End PBXVariantGroup section */

/* Begin XCBuildConfiguration section */
		818B463B1DF9E62B0039C2D2 /* Debug */ = {
			isa = XCBuildConfiguration;
			buildSettings = {
				ALWAYS_SEARCH_USER_PATHS = NO;
				CLANG_ANALYZER_NONNULL = YES;
				CLANG_CXX_LANGUAGE_STANDARD = "gnu++0x";
				CLANG_CXX_LIBRARY = "libc++";
				CLANG_ENABLE_MODULES = YES;
				CLANG_ENABLE_OBJC_ARC = YES;
				CLANG_WARN_BOOL_CONVERSION = YES;
				CLANG_WARN_CONSTANT_CONVERSION = YES;
				CLANG_WARN_DIRECT_OBJC_ISA_USAGE = YES_ERROR;
				CLANG_WARN_DOCUMENTATION_COMMENTS = YES;
				CLANG_WARN_EMPTY_BODY = YES;
				CLANG_WARN_ENUM_CONVERSION = YES;
				CLANG_WARN_INFINITE_RECURSION = YES;
				CLANG_WARN_INT_CONVERSION = YES;
				CLANG_WARN_OBJC_ROOT_CLASS = YES_ERROR;
				CLANG_WARN_SUSPICIOUS_MOVES = YES;
				CLANG_WARN_UNREACHABLE_CODE = YES;
				CLANG_WARN__DUPLICATE_METHOD_MATCH = YES;
				"CODE_SIGN_IDENTITY[sdk=iphoneos*]" = "iPhone Developer";
				COPY_PHASE_STRIP = NO;
				DEBUG_INFORMATION_FORMAT = dwarf;
				ENABLE_STRICT_OBJC_MSGSEND = YES;
				ENABLE_TESTABILITY = YES;
				GCC_C_LANGUAGE_STANDARD = gnu99;
				GCC_DYNAMIC_NO_PIC = NO;
				GCC_NO_COMMON_BLOCKS = YES;
				GCC_OPTIMIZATION_LEVEL = 0;
				GCC_PREPROCESSOR_DEFINITIONS = (
					"DEBUG=1",
					"$(inherited)",
				);
				GCC_WARN_64_TO_32_BIT_CONVERSION = YES;
				GCC_WARN_ABOUT_RETURN_TYPE = YES_ERROR;
				GCC_WARN_UNDECLARED_SELECTOR = YES;
				GCC_WARN_UNINITIALIZED_AUTOS = YES_AGGRESSIVE;
				GCC_WARN_UNUSED_FUNCTION = YES;
				GCC_WARN_UNUSED_VARIABLE = YES;
				IPHONEOS_DEPLOYMENT_TARGET = 10.1;
				MTL_ENABLE_DEBUG_INFO = YES;
				ONLY_ACTIVE_ARCH = YES;
				SDKROOT = iphoneos;
				SWIFT_ACTIVE_COMPILATION_CONDITIONS = DEBUG;
				SWIFT_OPTIMIZATION_LEVEL = "-Onone";
				TARGETED_DEVICE_FAMILY = "1,2";
			};
			name = Debug;
		};
		818B463C1DF9E62B0039C2D2 /* Release */ = {
			isa = XCBuildConfiguration;
			buildSettings = {
				ALWAYS_SEARCH_USER_PATHS = NO;
				CLANG_ANALYZER_NONNULL = YES;
				CLANG_CXX_LANGUAGE_STANDARD = "gnu++0x";
				CLANG_CXX_LIBRARY = "libc++";
				CLANG_ENABLE_MODULES = YES;
				CLANG_ENABLE_OBJC_ARC = YES;
				CLANG_WARN_BOOL_CONVERSION = YES;
				CLANG_WARN_CONSTANT_CONVERSION = YES;
				CLANG_WARN_DIRECT_OBJC_ISA_USAGE = YES_ERROR;
				CLANG_WARN_DOCUMENTATION_COMMENTS = YES;
				CLANG_WARN_EMPTY_BODY = YES;
				CLANG_WARN_ENUM_CONVERSION = YES;
				CLANG_WARN_INFINITE_RECURSION = YES;
				CLANG_WARN_INT_CONVERSION = YES;
				CLANG_WARN_OBJC_ROOT_CLASS = YES_ERROR;
				CLANG_WARN_SUSPICIOUS_MOVES = YES;
				CLANG_WARN_UNREACHABLE_CODE = YES;
				CLANG_WARN__DUPLICATE_METHOD_MATCH = YES;
				"CODE_SIGN_IDENTITY[sdk=iphoneos*]" = "iPhone Developer";
				COPY_PHASE_STRIP = NO;
				DEBUG_INFORMATION_FORMAT = "dwarf-with-dsym";
				ENABLE_NS_ASSERTIONS = NO;
				ENABLE_STRICT_OBJC_MSGSEND = YES;
				GCC_C_LANGUAGE_STANDARD = gnu99;
				GCC_NO_COMMON_BLOCKS = YES;
				GCC_WARN_64_TO_32_BIT_CONVERSION = YES;
				GCC_WARN_ABOUT_RETURN_TYPE = YES_ERROR;
				GCC_WARN_UNDECLARED_SELECTOR = YES;
				GCC_WARN_UNINITIALIZED_AUTOS = YES_AGGRESSIVE;
				GCC_WARN_UNUSED_FUNCTION = YES;
				GCC_WARN_UNUSED_VARIABLE = YES;
				IPHONEOS_DEPLOYMENT_TARGET = 10.1;
				MTL_ENABLE_DEBUG_INFO = NO;
				SDKROOT = iphoneos;
				SWIFT_OPTIMIZATION_LEVEL = "-Owholemodule";
				TARGETED_DEVICE_FAMILY = "1,2";
				VALIDATE_PRODUCT = YES;
			};
			name = Release;
		};
		818B463E1DF9E62B0039C2D2 /* Debug */ = {
			isa = XCBuildConfiguration;
			buildSettings = {
				ASSETCATALOG_COMPILER_APPICON_NAME = AppIcon;
				INFOPLIST_FILE = "AC3.2-MidtermElements/Info.plist";
				LD_RUNPATH_SEARCH_PATHS = "$(inherited) @executable_path/Frameworks";
				PRODUCT_BUNDLE_IDENTIFIER = "nyc.c4q.liamkane.AC3-2-MidtermElements";
				PRODUCT_NAME = "$(TARGET_NAME)";
				SWIFT_VERSION = 3.0;
			};
			name = Debug;
		};
		818B463F1DF9E62B0039C2D2 /* Release */ = {
			isa = XCBuildConfiguration;
			buildSettings = {
				ASSETCATALOG_COMPILER_APPICON_NAME = AppIcon;
				INFOPLIST_FILE = "AC3.2-MidtermElements/Info.plist";
				LD_RUNPATH_SEARCH_PATHS = "$(inherited) @executable_path/Frameworks";
				PRODUCT_BUNDLE_IDENTIFIER = "nyc.c4q.liamkane.AC3-2-MidtermElements";
				PRODUCT_NAME = "$(TARGET_NAME)";
				SWIFT_VERSION = 3.0;
			};
			name = Release;
		};
/* End XCBuildConfiguration section */

/* Begin XCConfigurationList section */
		818B46261DF9E62B0039C2D2 /* Build configuration list for PBXProject "AC3.2-MidtermElements" */ = {
			isa = XCConfigurationList;
			buildConfigurations = (
				818B463B1DF9E62B0039C2D2 /* Debug */,
				818B463C1DF9E62B0039C2D2 /* Release */,
			);
			defaultConfigurationIsVisible = 0;
			defaultConfigurationName = Release;
		};
		818B463D1DF9E62B0039C2D2 /* Build configuration list for PBXNativeTarget "AC3.2-MidtermElements" */ = {
			isa = XCConfigurationList;
			buildConfigurations = (
				818B463E1DF9E62B0039C2D2 /* Debug */,
				818B463F1DF9E62B0039C2D2 /* Release */,
			);
			defaultConfigurationIsVisible = 0;
		};
/* End XCConfigurationList section */
	};
	rootObject = 818B46231DF9E62B0039C2D2 /* Project object */;
}
